
Microsoft Visual Studio Solution File, Format Version 12.00
# Visual Studio 15
VisualStudioVersion = 15.0.27703.2035
MinimumVisualStudioVersion = 10.0.40219.1
Project("{FAE04EC0-301F-11D3-BF4B-00C04F79EFBC}") = "CMD", "CMD\CMD.csproj", "{CCF4138D-7882-4194-B70A-2A0939A1E320}"
EndProject
Global
	GlobalSection(SolutionConfigurationPlatforms) = preSolution
		Debug|Any CPU = Debug|Any CPU
		Release|Any CPU = Release|Any CPU
	EndGlobalSection
	GlobalSection(ProjectConfigurationPlatforms) = postSolution
		{CCF4138D-7882-4194-B70A-2A0939A1E320}.Debug|Any CPU.ActiveCfg = Debug|Any CPU
		{CCF4138D-7882-4194-B70A-2A0939A1E320}.Debug|Any CPU.Build.0 = Debug|Any CPU
		{CCF4138D-7882-4194-B70A-2A0939A1E320}.Release|Any CPU.ActiveCfg = Release|Any CPU
		{CCF4138D-7882-4194-B70A-2A0939A1E320}.Release|Any CPU.Build.0 = Release|Any CPU
	EndGlobalSection
	GlobalSection(SolutionProperties) = preSolution
		HideSolutionNode = FALSE
	EndGlobalSection
	GlobalSection(ExtensibilityGlobals) = postSolution
		SolutionGuid = {0C659440-C95B-451F-AA2D-C385D419FC26}
	EndGlobalSection
EndGlobal
